
Microsoft Visual Studio Solution File, Format Version 12.00
# Visual Studio Version 17
VisualStudioVersion = 17.2.32630.192
MinimumVisualStudioVersion = 10.0.40219.1
Project("{9A19103F-16F7-4668-BE54-9A1E7A4F7556}") = "R5T.NetStandard.StringSubstitution.Construction", "R5T.NetStandard.StringSubstitution.Construction\R5T.NetStandard.StringSubstitution.Construction.csproj", "{360FA0CB-4C8E-468B-9209-38A30C1F5D43}"
EndProject
Project("{9A19103F-16F7-4668-BE54-9A1E7A4F7556}") = "R5T.NetStandard.StringSubstitution", "R5T.NetStandard.StringSubstitution\R5T.NetStandard.StringSubstitution.csproj", "{8BEB1173-7FC1-4BA3-B629-3398DBBFB7D9}"
EndProject
Project("{9A19103F-16F7-4668-BE54-9A1E7A4F7556}") = "R5T.NetStandard.StringSubstitution.Testing", "R5T.NetStandard.StringSubstitution.Testing\R5T.NetStandard.StringSubstitution.Testing.csproj", "{D7C356FD-385A-4F81-A062-418333F64905}"
EndProject
Project("{2150E333-8FDC-42A3-9474-1A3956D46DE8}") = "_Dependencies", "_Dependencies", "{1DFCB068-5053-41E8-8910-0050B99470B5}"
EndProject
Project("{9A19103F-16F7-4668-BE54-9A1E7A4F7556}") = "R5T.NetStandard.Types", "..\..\R5T.NetStandard.Types\source\R5T.NetStandard.Types\R5T.NetStandard.Types.csproj", "{4CEF5C26-E5DD-4955-9880-8FA44A01F4C3}"
EndProject
Project("{9A19103F-16F7-4668-BE54-9A1E7A4F7556}") = "R5T.NetStandard.TypedString", "..\..\R5T.NetStandard.TypedString\source\R5T.NetStandard.TypedString\R5T.NetStandard.TypedString.csproj", "{CB0F4794-B681-4449-B9EE-72B66C144AFC}"
EndProject
Project("{9A19103F-16F7-4668-BE54-9A1E7A4F7556}") = "R5T.L0013", "..\..\R5T.L0013\source\R5T.L0013\R5T.L0013.csproj", "{400D9DCF-1CE3-480D-8F15-0B849F849CF5}"
EndProject
Project("{9A19103F-16F7-4668-BE54-9A1E7A4F7556}") = "R5T.T0039.T002", "..\..\R5T.T0039\source\R5T.T0039.T002\R5T.T0039.T002.csproj", "{BAC0BB5E-33A4-48EA-B228-7E505E6C30CE}"
EndProject
Project("{9A19103F-16F7-4668-BE54-9A1E7A4F7556}") = "R5T.T0062.X001", "..\..\R5T.T0062\source\R5T.T0062.X001\R5T.T0062.X001.csproj", "{304F90EB-B7B7-40C3-A445-FD2EDCD839D2}"
EndProject
Project("{9A19103F-16F7-4668-BE54-9A1E7A4F7556}") = "R5T.T0062", "..\..\R5T.T0062\source\R5T.T0062\R5T.T0062.csproj", "{15CF9BCA-DB23-440A-8F47-66D0E9F9DE23}"
EndProject
Project("{9A19103F-16F7-4668-BE54-9A1E7A4F7556}") = "R5T.T0063", "..\..\R5T.T0063\source\R5T.T0063\R5T.T0063.csproj", "{3063A0DC-407D-448D-8313-6765FD89B279}"
EndProject
Project("{9A19103F-16F7-4668-BE54-9A1E7A4F7556}") = "R5T.T0064", "..\..\R5T.T0064\source\R5T.T0064\R5T.T0064.csproj", "{09F8DAF0-F5BA-49C2-A4E8-575321EFFBDC}"
EndProject
Project("{9A19103F-16F7-4668-BE54-9A1E7A4F7556}") = "R5T.T0143", "..\..\R5T.T0143\source\R5T.T0143\R5T.T0143.csproj", "{829C40F6-E875-4246-9F5D-330F97EAF14C}"
EndProject
Project("{9A19103F-16F7-4668-BE54-9A1E7A4F7556}") = "R5T.NetStandard.Configuration", "..\..\R5T.NetStandard.Configuration\source\R5T.NetStandard.Configuration\R5T.NetStandard.Configuration.csproj", "{B4682460-0D7F-460C-A012-0D84C4CB7161}"
EndProject
Project("{9A19103F-16F7-4668-BE54-9A1E7A4F7556}") = "R5T.NetStandard.DI.Types", "..\..\R5T.NetStandard.DI.Types\source\R5T.NetStandard.DI.Types\R5T.NetStandard.DI.Types.csproj", "{DC5AEFD8-612F-418F-9CF6-13552640E31F}"
EndProject
Project("{9A19103F-16F7-4668-BE54-9A1E7A4F7556}") = "R5T.NetStandard.DI", "..\..\R5T.NetStandard.DI\source\R5T.NetStandard.DI\R5T.NetStandard.DI.csproj", "{92B67C4E-0F78-4F68-B491-545329A67C3B}"
EndProject
Project("{9A19103F-16F7-4668-BE54-9A1E7A4F7556}") = "R5T.NetStandard.IO.Paths.Base", "..\..\R5T.NetStandard.IO.Paths.Base\source\R5T.NetStandard.IO.Paths.Base\R5T.NetStandard.IO.Paths.Base.csproj", "{7342806A-07F9-4001-AE7B-D670B2AD3C5D}"
EndProject
Project("{9A19103F-16F7-4668-BE54-9A1E7A4F7556}") = "R5T.NetStandard.IO.Paths.Types", "..\..\R5T.NetStandard.IO.Paths.Types\source\R5T.NetStandard.IO.Paths.Types\R5T.NetStandard.IO.Paths.Types.csproj", "{84803233-02AA-43C6-B554-E162CFDC0E3F}"
EndProject
Project("{9A19103F-16F7-4668-BE54-9A1E7A4F7556}") = "R5T.NetStandard.IO.Paths", "..\..\R5T.NetStandard.IO.Paths\source\R5T.NetStandard.IO.Paths\R5T.NetStandard.IO.Paths.csproj", "{6854570E-B4CB-4332-8091-AF22683B05CB}"
EndProject
Project("{9A19103F-16F7-4668-BE54-9A1E7A4F7556}") = "R5T.NetStandard.IO.Types", "..\..\R5T.NetStandard.IO.Types\source\R5T.NetStandard.IO.Types\R5T.NetStandard.IO.Types.csproj", "{D3E5A535-B9B0-48F0-8E36-3BFB6BBF1FF1}"
EndProject
Project("{9A19103F-16F7-4668-BE54-9A1E7A4F7556}") = "R5T.NetStandard.Logging.Types", "..\..\R5T.NetStandard.Logging.Types\source\R5T.NetStandard.Logging.Types\R5T.NetStandard.Logging.Types.csproj", "{D6D9FB2F-962B-434D-A270-27E196608344}"
EndProject
Project("{9A19103F-16F7-4668-BE54-9A1E7A4F7556}") = "R5T.NetStandard.Logging", "..\..\R5T.NetStandard.Logging\source\R5T.NetStandard.Logging\R5T.NetStandard.Logging.csproj", "{7ADDB726-3147-45EA-A2CB-39A705B013EC}"
EndProject
Project("{9A19103F-16F7-4668-BE54-9A1E7A4F7556}") = "R5T.NetStandard.OS.Types", "..\..\R5T.NetStandard.OS.Types\source\R5T.NetStandard.OS.Types\R5T.NetStandard.OS.Types.csproj", "{FBE7287E-D347-48D8-8326-4E54C5B7971A}"
EndProject
Project("{9A19103F-16F7-4668-BE54-9A1E7A4F7556}") = "R5T.NetStandard.OS", "..\..\R5T.NetStandard.OS\source\R5T.NetStandard.OS\R5T.NetStandard.OS.csproj", "{17155158-B7F4-47EE-B4FF-7901143BFEFF}"
EndProject
Project("{9A19103F-16F7-4668-BE54-9A1E7A4F7556}") = "R5T.NetStandard", "..\..\R5T.NetStandard\source\R5T.NetStandard\R5T.NetStandard.csproj", "{41558EE7-7D26-43DE-B924-EED2FA102764}"
EndProject
Global
	GlobalSection(NestedProjects) = preSolution
		{4CEF5C26-E5DD-4955-9880-8FA44A01F4C3} = {1DFCB068-5053-41E8-8910-0050B99470B5}
		{CB0F4794-B681-4449-B9EE-72B66C144AFC} = {1DFCB068-5053-41E8-8910-0050B99470B5}
		{400D9DCF-1CE3-480D-8F15-0B849F849CF5} = {1DFCB068-5053-41E8-8910-0050B99470B5}
		{BAC0BB5E-33A4-48EA-B228-7E505E6C30CE} = {1DFCB068-5053-41E8-8910-0050B99470B5}
		{304F90EB-B7B7-40C3-A445-FD2EDCD839D2} = {1DFCB068-5053-41E8-8910-0050B99470B5}
		{15CF9BCA-DB23-440A-8F47-66D0E9F9DE23} = {1DFCB068-5053-41E8-8910-0050B99470B5}
		{3063A0DC-407D-448D-8313-6765FD89B279} = {1DFCB068-5053-41E8-8910-0050B99470B5}
		{09F8DAF0-F5BA-49C2-A4E8-575321EFFBDC} = {1DFCB068-5053-41E8-8910-0050B99470B5}
		{829C40F6-E875-4246-9F5D-330F97EAF14C} = {1DFCB068-5053-41E8-8910-0050B99470B5}
		{B4682460-0D7F-460C-A012-0D84C4CB7161} = {1DFCB068-5053-41E8-8910-0050B99470B5}
		{DC5AEFD8-612F-418F-9CF6-13552640E31F} = {1DFCB068-5053-41E8-8910-0050B99470B5}
		{92B67C4E-0F78-4F68-B491-545329A67C3B} = {1DFCB068-5053-41E8-8910-0050B99470B5}
		{7342806A-07F9-4001-AE7B-D670B2AD3C5D} = {1DFCB068-5053-41E8-8910-0050B99470B5}
		{84803233-02AA-43C6-B554-E162CFDC0E3F} = {1DFCB068-5053-41E8-8910-0050B99470B5}
		{6854570E-B4CB-4332-8091-AF22683B05CB} = {1DFCB068-5053-41E8-8910-0050B99470B5}
		{D3E5A535-B9B0-48F0-8E36-3BFB6BBF1FF1} = {1DFCB068-5053-41E8-8910-0050B99470B5}
		{D6D9FB2F-962B-434D-A270-27E196608344} = {1DFCB068-5053-41E8-8910-0050B99470B5}
		{7ADDB726-3147-45EA-A2CB-39A705B013EC} = {1DFCB068-5053-41E8-8910-0050B99470B5}
		{FBE7287E-D347-48D8-8326-4E54C5B7971A} = {1DFCB068-5053-41E8-8910-0050B99470B5}
		{17155158-B7F4-47EE-B4FF-7901143BFEFF} = {1DFCB068-5053-41E8-8910-0050B99470B5}
		{41558EE7-7D26-43DE-B924-EED2FA102764} = {1DFCB068-5053-41E8-8910-0050B99470B5}
	EndGlobalSection
	GlobalSection(SolutionConfigurationPlatforms) = preSolution
		Debug|Any CPU = Debug|Any CPU
		Debug|x64 = Debug|x64
		Debug|x86 = Debug|x86
		Release|Any CPU = Release|Any CPU
		Release|x64 = Release|x64
		Release|x86 = Release|x86
	EndGlobalSection
	GlobalSection(ProjectConfigurationPlatforms) = postSolution
		{360FA0CB-4C8E-468B-9209-38A30C1F5D43}.Debug|Any CPU.ActiveCfg = Debug|Any CPU
		{360FA0CB-4C8E-468B-9209-38A30C1F5D43}.Debug|Any CPU.Build.0 = Debug|Any CPU
		{360FA0CB-4C8E-468B-9209-38A30C1F5D43}.Debug|x64.ActiveCfg = Debug|Any CPU
		{360FA0CB-4C8E-468B-9209-38A30C1F5D43}.Debug|x64.Build.0 = Debug|Any CPU
		{360FA0CB-4C8E-468B-9209-38A30C1F5D43}.Debug|x86.ActiveCfg = Debug|Any CPU
		{360FA0CB-4C8E-468B-9209-38A30C1F5D43}.Debug|x86.Build.0 = Debug|Any CPU
		{360FA0CB-4C8E-468B-9209-38A30C1F5D43}.Release|Any CPU.ActiveCfg = Release|Any CPU
		{360FA0CB-4C8E-468B-9209-38A30C1F5D43}.Release|Any CPU.Build.0 = Release|Any CPU
		{360FA0CB-4C8E-468B-9209-38A30C1F5D43}.Release|x64.ActiveCfg = Release|Any CPU
		{360FA0CB-4C8E-468B-9209-38A30C1F5D43}.Release|x64.Build.0 = Release|Any CPU
		{360FA0CB-4C8E-468B-9209-38A30C1F5D43}.Release|x86.ActiveCfg = Release|Any CPU
		{360FA0CB-4C8E-468B-9209-38A30C1F5D43}.Release|x86.Build.0 = Release|Any CPU
		{8BEB1173-7FC1-4BA3-B629-3398DBBFB7D9}.Debug|Any CPU.ActiveCfg = Debug|Any CPU
		{8BEB1173-7FC1-4BA3-B629-3398DBBFB7D9}.Debug|Any CPU.Build.0 = Debug|Any CPU
		{8BEB1173-7FC1-4BA3-B629-3398DBBFB7D9}.Debug|x64.ActiveCfg = Debug|Any CPU
		{8BEB1173-7FC1-4BA3-B629-3398DBBFB7D9}.Debug|x64.Build.0 = Debug|Any CPU
		{8BEB1173-7FC1-4BA3-B629-3398DBBFB7D9}.Debug|x86.ActiveCfg = Debug|Any CPU
		{8BEB1173-7FC1-4BA3-B629-3398DBBFB7D9}.Debug|x86.Build.0 = Debug|Any CPU
		{8BEB1173-7FC1-4BA3-B629-3398DBBFB7D9}.Release|Any CPU.ActiveCfg = Release|Any CPU
		{8BEB1173-7FC1-4BA3-B629-3398DBBFB7D9}.Release|Any CPU.Build.0 = Release|Any CPU
		{8BEB1173-7FC1-4BA3-B629-3398DBBFB7D9}.Release|x64.ActiveCfg = Release|Any CPU
		{8BEB1173-7FC1-4BA3-B629-3398DBBFB7D9}.Release|x64.Build.0 = Release|Any CPU
		{8BEB1173-7FC1-4BA3-B629-3398DBBFB7D9}.Release|x86.ActiveCfg = Release|Any CPU
		{8BEB1173-7FC1-4BA3-B629-3398DBBFB7D9}.Release|x86.Build.0 = Release|Any CPU
		{D7C356FD-385A-4F81-A062-418333F64905}.Debug|Any CPU.ActiveCfg = Debug|Any CPU
		{D7C356FD-385A-4F81-A062-418333F64905}.Debug|Any CPU.Build.0 = Debug|Any CPU
		{D7C356FD-385A-4F81-A062-418333F64905}.Debug|x64.ActiveCfg = Debug|Any CPU
		{D7C356FD-385A-4F81-A062-418333F64905}.Debug|x64.Build.0 = Debug|Any CPU
		{D7C356FD-385A-4F81-A062-418333F64905}.Debug|x86.ActiveCfg = Debug|Any CPU
		{D7C356FD-385A-4F81-A062-418333F64905}.Debug|x86.Build.0 = Debug|Any CPU
		{D7C356FD-385A-4F81-A062-418333F64905}.Release|Any CPU.ActiveCfg = Release|Any CPU
		{D7C356FD-385A-4F81-A062-418333F64905}.Release|Any CPU.Build.0 = Release|Any CPU
		{D7C356FD-385A-4F81-A062-418333F64905}.Release|x64.ActiveCfg = Release|Any CPU
		{D7C356FD-385A-4F81-A062-418333F64905}.Release|x64.Build.0 = Release|Any CPU
		{D7C356FD-385A-4F81-A062-418333F64905}.Release|x86.ActiveCfg = Release|Any CPU
		{D7C356FD-385A-4F81-A062-418333F64905}.Release|x86.Build.0 = Release|Any CPU
		{4CEF5C26-E5DD-4955-9880-8FA44A01F4C3}.Debug|Any CPU.ActiveCfg = Debug|Any CPU
		{4CEF5C26-E5DD-4955-9880-8FA44A01F4C3}.Debug|Any CPU.Build.0 = Debug|Any CPU
		{4CEF5C26-E5DD-4955-9880-8FA44A01F4C3}.Debug|x64.ActiveCfg = Debug|Any CPU
		{4CEF5C26-E5DD-4955-9880-8FA44A01F4C3}.Debug|x64.Build.0 = Debug|Any CPU
		{4CEF5C26-E5DD-4955-9880-8FA44A01F4C3}.Debug|x86.ActiveCfg = Debug|Any CPU
		{4CEF5C26-E5DD-4955-9880-8FA44A01F4C3}.Debug|x86.Build.0 = Debug|Any CPU
		{4CEF5C26-E5DD-4955-9880-8FA44A01F4C3}.Release|Any CPU.ActiveCfg = Release|Any CPU
		{4CEF5C26-E5DD-4955-9880-8FA44A01F4C3}.Release|Any CPU.Build.0 = Release|Any CPU
		{4CEF5C26-E5DD-4955-9880-8FA44A01F4C3}.Release|x64.ActiveCfg = Release|Any CPU
		{4CEF5C26-E5DD-4955-9880-8FA44A01F4C3}.Release|x64.Build.0 = Release|Any CPU
		{4CEF5C26-E5DD-4955-9880-8FA44A01F4C3}.Release|x86.ActiveCfg = Release|Any CPU
		{4CEF5C26-E5DD-4955-9880-8FA44A01F4C3}.Release|x86.Build.0 = Release|Any CPU
		{CB0F4794-B681-4449-B9EE-72B66C144AFC}.Debug|Any CPU.ActiveCfg = Debug|Any CPU
		{CB0F4794-B681-4449-B9EE-72B66C144AFC}.Debug|Any CPU.Build.0 = Debug|Any CPU
		{CB0F4794-B681-4449-B9EE-72B66C144AFC}.Debug|x64.ActiveCfg = Debug|Any CPU
		{CB0F4794-B681-4449-B9EE-72B66C144AFC}.Debug|x64.Build.0 = Debug|Any CPU
		{CB0F4794-B681-4449-B9EE-72B66C144AFC}.Debug|x86.ActiveCfg = Debug|Any CPU
		{CB0F4794-B681-4449-B9EE-72B66C144AFC}.Debug|x86.Build.0 = Debug|Any CPU
		{CB0F4794-B681-4449-B9EE-72B66C144AFC}.Release|Any CPU.ActiveCfg = Release|Any CPU
		{CB0F4794-B681-4449-B9EE-72B66C144AFC}.Release|Any CPU.Build.0 = Release|Any CPU
		{CB0F4794-B681-4449-B9EE-72B66C144AFC}.Release|x64.ActiveCfg = Release|Any CPU
		{CB0F4794-B681-4449-B9EE-72B66C144AFC}.Release|x64.Build.0 = Release|Any CPU
		{CB0F4794-B681-4449-B9EE-72B66C144AFC}.Release|x86.ActiveCfg = Release|Any CPU
		{CB0F4794-B681-4449-B9EE-72B66C144AFC}.Release|x86.Build.0 = Release|Any CPU
		{400D9DCF-1CE3-480D-8F15-0B849F849CF5}.Debug|Any CPU.ActiveCfg = Debug|Any CPU
		{400D9DCF-1CE3-480D-8F15-0B849F849CF5}.Debug|Any CPU.Build.0 = Debug|Any CPU
		{400D9DCF-1CE3-480D-8F15-0B849F849CF5}.Debug|x64.ActiveCfg = Debug|Any CPU
		{400D9DCF-1CE3-480D-8F15-0B849F849CF5}.Debug|x64.Build.0 = Debug|Any CPU
		{400D9DCF-1CE3-480D-8F15-0B849F849CF5}.Debug|x86.ActiveCfg = Debug|Any CPU
		{400D9DCF-1CE3-480D-8F15-0B849F849CF5}.Debug|x86.Build.0 = Debug|Any CPU
		{400D9DCF-1CE3-480D-8F15-0B849F849CF5}.Release|Any CPU.ActiveCfg = Release|Any CPU
		{400D9DCF-1CE3-480D-8F15-0B849F849CF5}.Release|Any CPU.Build.0 = Release|Any CPU
		{400D9DCF-1CE3-480D-8F15-0B849F849CF5}.Release|x64.ActiveCfg = Release|Any CPU
		{400D9DCF-1CE3-480D-8F15-0B849F849CF5}.Release|x64.Build.0 = Release|Any CPU
		{400D9DCF-1CE3-480D-8F15-0B849F849CF5}.Release|x86.ActiveCfg = Release|Any CPU
		{400D9DCF-1CE3-480D-8F15-0B849F849CF5}.Release|x86.Build.0 = Release|Any CPU
		{BAC0BB5E-33A4-48EA-B228-7E505E6C30CE}.Debug|Any CPU.ActiveCfg = Debug|Any CPU
		{BAC0BB5E-33A4-48EA-B228-7E505E6C30CE}.Debug|Any CPU.Build.0 = Debug|Any CPU
		{BAC0BB5E-33A4-48EA-B228-7E505E6C30CE}.Debug|x64.ActiveCfg = Debug|Any CPU
		{BAC0BB5E-33A4-48EA-B228-7E505E6C30CE}.Debug|x64.Build.0 = Debug|Any CPU
		{BAC0BB5E-33A4-48EA-B228-7E505E6C30CE}.Debug|x86.ActiveCfg = Debug|Any CPU
		{BAC0BB5E-33A4-48EA-B228-7E505E6C30CE}.Debug|x86.Build.0 = Debug|Any CPU
		{BAC0BB5E-33A4-48EA-B228-7E505E6C30CE}.Release|Any CPU.ActiveCfg = Release|Any CPU
		{BAC0BB5E-33A4-48EA-B228-7E505E6C30CE}.Release|Any CPU.Build.0 = Release|Any CPU
		{BAC0BB5E-33A4-48EA-B228-7E505E6C30CE}.Release|x64.ActiveCfg = Release|Any CPU
		{BAC0BB5E-33A4-48EA-B228-7E505E6C30CE}.Release|x64.Build.0 = Release|Any CPU
		{BAC0BB5E-33A4-48EA-B228-7E505E6C30CE}.Release|x86.ActiveCfg = Release|Any CPU
		{BAC0BB5E-33A4-48EA-B228-7E505E6C30CE}.Release|x86.Build.0 = Release|Any CPU
		{304F90EB-B7B7-40C3-A445-FD2EDCD839D2}.Debug|Any CPU.ActiveCfg = Debug|Any CPU
		{304F90EB-B7B7-40C3-A445-FD2EDCD839D2}.Debug|Any CPU.Build.0 = Debug|Any CPU
		{304F90EB-B7B7-40C3-A445-FD2EDCD839D2}.Debug|x64.ActiveCfg = Debug|Any CPU
		{304F90EB-B7B7-40C3-A445-FD2EDCD839D2}.Debug|x64.Build.0 = Debug|Any CPU
		{304F90EB-B7B7-40C3-A445-FD2EDCD839D2}.Debug|x86.ActiveCfg = Debug|Any CPU
		{304F90EB-B7B7-40C3-A445-FD2EDCD839D2}.Debug|x86.Build.0 = Debug|Any CPU
		{304F90EB-B7B7-40C3-A445-FD2EDCD839D2}.Release|Any CPU.ActiveCfg = Release|Any CPU
		{304F90EB-B7B7-40C3-A445-FD2EDCD839D2}.Release|Any CPU.Build.0 = Release|Any CPU
		{304F90EB-B7B7-40C3-A445-FD2EDCD839D2}.Release|x64.ActiveCfg = Release|Any CPU
		{304F90EB-B7B7-40C3-A445-FD2EDCD839D2}.Release|x64.Build.0 = Release|Any CPU
		{304F90EB-B7B7-40C3-A445-FD2EDCD839D2}.Release|x86.ActiveCfg = Release|Any CPU
		{304F90EB-B7B7-40C3-A445-FD2EDCD839D2}.Release|x86.Build.0 = Release|Any CPU
		{15CF9BCA-DB23-440A-8F47-66D0E9F9DE23}.Debug|Any CPU.ActiveCfg = Debug|Any CPU
		{15CF9BCA-DB23-440A-8F47-66D0E9F9DE23}.Debug|Any CPU.Build.0 = Debug|Any CPU
		{15CF9BCA-DB23-440A-8F47-66D0E9F9DE23}.Debug|x64.ActiveCfg = Debug|Any CPU
		{15CF9BCA-DB23-440A-8F47-66D0E9F9DE23}.Debug|x64.Build.0 = Debug|Any CPU
		{15CF9BCA-DB23-440A-8F47-66D0E9F9DE23}.Debug|x86.ActiveCfg = Debug|Any CPU
		{15CF9BCA-DB23-440A-8F47-66D0E9F9DE23}.Debug|x86.Build.0 = Debug|Any CPU
		{15CF9BCA-DB23-440A-8F47-66D0E9F9DE23}.Release|Any CPU.ActiveCfg = Release|Any CPU
		{15CF9BCA-DB23-440A-8F47-66D0E9F9DE23}.Release|Any CPU.Build.0 = Release|Any CPU
		{15CF9BCA-DB23-440A-8F47-66D0E9F9DE23}.Release|x64.ActiveCfg = Release|Any CPU
		{15CF9BCA-DB23-440A-8F47-66D0E9F9DE23}.Release|x64.Build.0 = Release|Any CPU
		{15CF9BCA-DB23-440A-8F47-66D0E9F9DE23}.Release|x86.ActiveCfg = Release|Any CPU
		{15CF9BCA-DB23-440A-8F47-66D0E9F9DE23}.Release|x86.Build.0 = Release|Any CPU
		{3063A0DC-407D-448D-8313-6765FD89B279}.Debug|Any CPU.ActiveCfg = Debug|Any CPU
		{3063A0DC-407D-448D-8313-6765FD89B279}.Debug|Any CPU.Build.0 = Debug|Any CPU
		{3063A0DC-407D-448D-8313-6765FD89B279}.Debug|x64.ActiveCfg = Debug|Any CPU
		{3063A0DC-407D-448D-8313-6765FD89B279}.Debug|x64.Build.0 = Debug|Any CPU
		{3063A0DC-407D-448D-8313-6765FD89B279}.Debug|x86.ActiveCfg = Debug|Any CPU
		{3063A0DC-407D-448D-8313-6765FD89B279}.Debug|x86.Build.0 = Debug|Any CPU
		{3063A0DC-407D-448D-8313-6765FD89B279}.Release|Any CPU.ActiveCfg = Release|Any CPU
		{3063A0DC-407D-448D-8313-6765FD89B279}.Release|Any CPU.Build.0 = Release|Any CPU
		{3063A0DC-407D-448D-8313-6765FD89B279}.Release|x64.ActiveCfg = Release|Any CPU
		{3063A0DC-407D-448D-8313-6765FD89B279}.Release|x64.Build.0 = Release|Any CPU
		{3063A0DC-407D-448D-8313-6765FD89B279}.Release|x86.ActiveCfg = Release|Any CPU
		{3063A0DC-407D-448D-8313-6765FD89B279}.Release|x86.Build.0 = Release|Any CPU
		{09F8DAF0-F5BA-49C2-A4E8-575321EFFBDC}.Debug|Any CPU.ActiveCfg = Debug|Any CPU
		{09F8DAF0-F5BA-49C2-A4E8-575321EFFBDC}.Debug|Any CPU.Build.0 = Debug|Any CPU
		{09F8DAF0-F5BA-49C2-A4E8-575321EFFBDC}.Debug|x64.ActiveCfg = Debug|Any CPU
		{09F8DAF0-F5BA-49C2-A4E8-575321EFFBDC}.Debug|x64.Build.0 = Debug|Any CPU
		{09F8DAF0-F5BA-49C2-A4E8-575321EFFBDC}.Debug|x86.ActiveCfg = Debug|Any CPU
		{09F8DAF0-F5BA-49C2-A4E8-575321EFFBDC}.Debug|x86.Build.0 = Debug|Any CPU
		{09F8DAF0-F5BA-49C2-A4E8-575321EFFBDC}.Release|Any CPU.ActiveCfg = Release|Any CPU
		{09F8DAF0-F5BA-49C2-A4E8-575321EFFBDC}.Release|Any CPU.Build.0 = Release|Any CPU
		{09F8DAF0-F5BA-49C2-A4E8-575321EFFBDC}.Release|x64.ActiveCfg = Release|Any CPU
		{09F8DAF0-F5BA-49C2-A4E8-575321EFFBDC}.Release|x64.Build.0 = Release|Any CPU
		{09F8DAF0-F5BA-49C2-A4E8-575321EFFBDC}.Release|x86.ActiveCfg = Release|Any CPU
		{09F8DAF0-F5BA-49C2-A4E8-575321EFFBDC}.Release|x86.Build.0 = Release|Any CPU
		{829C40F6-E875-4246-9F5D-330F97EAF14C}.Debug|Any CPU.ActiveCfg = Debug|Any CPU
		{829C40F6-E875-4246-9F5D-330F97EAF14C}.Debug|Any CPU.Build.0 = Debug|Any CPU
		{829C40F6-E875-4246-9F5D-330F97EAF14C}.Debug|x64.ActiveCfg = Debug|Any CPU
		{829C40F6-E875-4246-9F5D-330F97EAF14C}.Debug|x64.Build.0 = Debug|Any CPU
		{829C40F6-E875-4246-9F5D-330F97EAF14C}.Debug|x86.ActiveCfg = Debug|Any CPU
		{829C40F6-E875-4246-9F5D-330F97EAF14C}.Debug|x86.Build.0 = Debug|Any CPU
		{829C40F6-E875-4246-9F5D-330F97EAF14C}.Release|Any CPU.ActiveCfg = Release|Any CPU
		{829C40F6-E875-4246-9F5D-330F97EAF14C}.Release|Any CPU.Build.0 = Release|Any CPU
		{829C40F6-E875-4246-9F5D-330F97EAF14C}.Release|x64.ActiveCfg = Release|Any CPU
		{829C40F6-E875-4246-9F5D-330F97EAF14C}.Release|x64.Build.0 = Release|Any CPU
		{829C40F6-E875-4246-9F5D-330F97EAF14C}.Release|x86.ActiveCfg = Release|Any CPU
		{829C40F6-E875-4246-9F5D-330F97EAF14C}.Release|x86.Build.0 = Release|Any CPU
		{B4682460-0D7F-460C-A012-0D84C4CB7161}.Debug|Any CPU.ActiveCfg = Debug|Any CPU
		{B4682460-0D7F-460C-A012-0D84C4CB7161}.Debug|Any CPU.Build.0 = Debug|Any CPU
		{B4682460-0D7F-460C-A012-0D84C4CB7161}.Debug|x64.ActiveCfg = Debug|Any CPU
		{B4682460-0D7F-460C-A012-0D84C4CB7161}.Debug|x64.Build.0 = Debug|Any CPU
		{B4682460-0D7F-460C-A012-0D84C4CB7161}.Debug|x86.ActiveCfg = Debug|Any CPU
		{B4682460-0D7F-460C-A012-0D84C4CB7161}.Debug|x86.Build.0 = Debug|Any CPU
		{B4682460-0D7F-460C-A012-0D84C4CB7161}.Release|Any CPU.ActiveCfg = Release|Any CPU
		{B4682460-0D7F-460C-A012-0D84C4CB7161}.Release|Any CPU.Build.0 = Release|Any CPU
		{B4682460-0D7F-460C-A012-0D84C4CB7161}.Release|x64.ActiveCfg = Release|Any CPU
		{B4682460-0D7F-460C-A012-0D84C4CB7161}.Release|x64.Build.0 = Release|Any CPU
		{B4682460-0D7F-460C-A012-0D84C4CB7161}.Release|x86.ActiveCfg = Release|Any CPU
		{B4682460-0D7F-460C-A012-0D84C4CB7161}.Release|x86.Build.0 = Release|Any CPU
		{DC5AEFD8-612F-418F-9CF6-13552640E31F}.Debug|Any CPU.ActiveCfg = Debug|Any CPU
		{DC5AEFD8-612F-418F-9CF6-13552640E31F}.Debug|Any CPU.Build.0 = Debug|Any CPU
		{DC5AEFD8-612F-418F-9CF6-13552640E31F}.Debug|x64.ActiveCfg = Debug|Any CPU
		{DC5AEFD8-612F-418F-9CF6-13552640E31F}.Debug|x64.Build.0 = Debug|Any CPU
		{DC5AEFD8-612F-418F-9CF6-13552640E31F}.Debug|x86.ActiveCfg = Debug|Any CPU
		{DC5AEFD8-612F-418F-9CF6-13552640E31F}.Debug|x86.Build.0 = Debug|Any CPU
		{DC5AEFD8-612F-418F-9CF6-13552640E31F}.Release|Any CPU.ActiveCfg = Release|Any CPU
		{DC5AEFD8-612F-418F-9CF6-13552640E31F}.Release|Any CPU.Build.0 = Release|Any CPU
		{DC5AEFD8-612F-418F-9CF6-13552640E31F}.Release|x64.ActiveCfg = Release|Any CPU
		{DC5AEFD8-612F-418F-9CF6-13552640E31F}.Release|x64.Build.0 = Release|Any CPU
		{DC5AEFD8-612F-418F-9CF6-13552640E31F}.Release|x86.ActiveCfg = Release|Any CPU
		{DC5AEFD8-612F-418F-9CF6-13552640E31F}.Release|x86.Build.0 = Release|Any CPU
		{92B67C4E-0F78-4F68-B491-545329A67C3B}.Debug|Any CPU.ActiveCfg = Debug|Any CPU
		{92B67C4E-0F78-4F68-B491-545329A67C3B}.Debug|Any CPU.Build.0 = Debug|Any CPU
		{92B67C4E-0F78-4F68-B491-545329A67C3B}.Debug|x64.ActiveCfg = Debug|Any CPU
		{92B67C4E-0F78-4F68-B491-545329A67C3B}.Debug|x64.Build.0 = Debug|Any CPU
		{92B67C4E-0F78-4F68-B491-545329A67C3B}.Debug|x86.ActiveCfg = Debug|Any CPU
		{92B67C4E-0F78-4F68-B491-545329A67C3B}.Debug|x86.Build.0 = Debug|Any CPU
		{92B67C4E-0F78-4F68-B491-545329A67C3B}.Release|Any CPU.ActiveCfg = Release|Any CPU
		{92B67C4E-0F78-4F68-B491-545329A67C3B}.Release|Any CPU.Build.0 = Release|Any CPU
		{92B67C4E-0F78-4F68-B491-545329A67C3B}.Release|x64.ActiveCfg = Release|Any CPU
		{92B67C4E-0F78-4F68-B491-545329A67C3B}.Release|x64.Build.0 = Release|Any CPU
		{92B67C4E-0F78-4F68-B491-545329A67C3B}.Release|x86.ActiveCfg = Release|Any CPU
		{92B67C4E-0F78-4F68-B491-545329A67C3B}.Release|x86.Build.0 = Release|Any CPU
		{7342806A-07F9-4001-AE7B-D670B2AD3C5D}.Debug|Any CPU.ActiveCfg = Debug|Any CPU
		{7342806A-07F9-4001-AE7B-D670B2AD3C5D}.Debug|Any CPU.Build.0 = Debug|Any CPU
		{7342806A-07F9-4001-AE7B-D670B2AD3C5D}.Debug|x64.ActiveCfg = Debug|Any CPU
		{7342806A-07F9-4001-AE7B-D670B2AD3C5D}.Debug|x64.Build.0 = Debug|Any CPU
		{7342806A-07F9-4001-AE7B-D670B2AD3C5D}.Debug|x86.ActiveCfg = Debug|Any CPU
		{7342806A-07F9-4001-AE7B-D670B2AD3C5D}.Debug|x86.Build.0 = Debug|Any CPU
		{7342806A-07F9-4001-AE7B-D670B2AD3C5D}.Release|Any CPU.ActiveCfg = Release|Any CPU
		{7342806A-07F9-4001-AE7B-D670B2AD3C5D}.Release|Any CPU.Build.0 = Release|Any CPU
		{7342806A-07F9-4001-AE7B-D670B2AD3C5D}.Release|x64.ActiveCfg = Release|Any CPU
		{7342806A-07F9-4001-AE7B-D670B2AD3C5D}.Release|x64.Build.0 = Release|Any CPU
		{7342806A-07F9-4001-AE7B-D670B2AD3C5D}.Release|x86.ActiveCfg = Release|Any CPU
		{7342806A-07F9-4001-AE7B-D670B2AD3C5D}.Release|x86.Build.0 = Release|Any CPU
		{84803233-02AA-43C6-B554-E162CFDC0E3F}.Debug|Any CPU.ActiveCfg = Debug|Any CPU
		{84803233-02AA-43C6-B554-E162CFDC0E3F}.Debug|Any CPU.Build.0 = Debug|Any CPU
		{84803233-02AA-43C6-B554-E162CFDC0E3F}.Debug|x64.ActiveCfg = Debug|Any CPU
		{84803233-02AA-43C6-B554-E162CFDC0E3F}.Debug|x64.Build.0 = Debug|Any CPU
		{84803233-02AA-43C6-B554-E162CFDC0E3F}.Debug|x86.ActiveCfg = Debug|Any CPU
		{84803233-02AA-43C6-B554-E162CFDC0E3F}.Debug|x86.Build.0 = Debug|Any CPU
		{84803233-02AA-43C6-B554-E162CFDC0E3F}.Release|Any CPU.ActiveCfg = Release|Any CPU
		{84803233-02AA-43C6-B554-E162CFDC0E3F}.Release|Any CPU.Build.0 = Release|Any CPU
		{84803233-02AA-43C6-B554-E162CFDC0E3F}.Release|x64.ActiveCfg = Release|Any CPU
		{84803233-02AA-43C6-B554-E162CFDC0E3F}.Release|x64.Build.0 = Release|Any CPU
		{84803233-02AA-43C6-B554-E162CFDC0E3F}.Release|x86.ActiveCfg = Release|Any CPU
		{84803233-02AA-43C6-B554-E162CFDC0E3F}.Release|x86.Build.0 = Release|Any CPU
		{6854570E-B4CB-4332-8091-AF22683B05CB}.Debug|Any CPU.ActiveCfg = Debug|Any CPU
		{6854570E-B4CB-4332-8091-AF22683B05CB}.Debug|Any CPU.Build.0 = Debug|Any CPU
		{6854570E-B4CB-4332-8091-AF22683B05CB}.Debug|x64.ActiveCfg = Debug|Any CPU
		{6854570E-B4CB-4332-8091-AF22683B05CB}.Debug|x64.Build.0 = Debug|Any CPU
		{6854570E-B4CB-4332-8091-AF22683B05CB}.Debug|x86.ActiveCfg = Debug|Any CPU
		{6854570E-B4CB-4332-8091-AF22683B05CB}.Debug|x86.Build.0 = Debug|Any CPU
		{6854570E-B4CB-4332-8091-AF22683B05CB}.Release|Any CPU.ActiveCfg = Release|Any CPU
		{6854570E-B4CB-4332-8091-AF22683B05CB}.Release|Any CPU.Build.0 = Release|Any CPU
		{6854570E-B4CB-4332-8091-AF22683B05CB}.Release|x64.ActiveCfg = Release|Any CPU
		{6854570E-B4CB-4332-8091-AF22683B05CB}.Release|x64.Build.0 = Release|Any CPU
		{6854570E-B4CB-4332-8091-AF22683B05CB}.Release|x86.ActiveCfg = Release|Any CPU
		{6854570E-B4CB-4332-8091-AF22683B05CB}.Release|x86.Build.0 = Release|Any CPU
		{D3E5A535-B9B0-48F0-8E36-3BFB6BBF1FF1}.Debug|Any CPU.ActiveCfg = Debug|Any CPU
		{D3E5A535-B9B0-48F0-8E36-3BFB6BBF1FF1}.Debug|Any CPU.Build.0 = Debug|Any CPU
		{D3E5A535-B9B0-48F0-8E36-3BFB6BBF1FF1}.Debug|x64.ActiveCfg = Debug|Any CPU
		{D3E5A535-B9B0-48F0-8E36-3BFB6BBF1FF1}.Debug|x64.Build.0 = Debug|Any CPU
		{D3E5A535-B9B0-48F0-8E36-3BFB6BBF1FF1}.Debug|x86.ActiveCfg = Debug|Any CPU
		{D3E5A535-B9B0-48F0-8E36-3BFB6BBF1FF1}.Debug|x86.Build.0 = Debug|Any CPU
		{D3E5A535-B9B0-48F0-8E36-3BFB6BBF1FF1}.Release|Any CPU.ActiveCfg = Release|Any CPU
		{D3E5A535-B9B0-48F0-8E36-3BFB6BBF1FF1}.Release|Any CPU.Build.0 = Release|Any CPU
		{D3E5A535-B9B0-48F0-8E36-3BFB6BBF1FF1}.Release|x64.ActiveCfg = Release|Any CPU
		{D3E5A535-B9B0-48F0-8E36-3BFB6BBF1FF1}.Release|x64.Build.0 = Release|Any CPU
		{D3E5A535-B9B0-48F0-8E36-3BFB6BBF1FF1}.Release|x86.ActiveCfg = Release|Any CPU
		{D3E5A535-B9B0-48F0-8E36-3BFB6BBF1FF1}.Release|x86.Build.0 = Release|Any CPU
		{D6D9FB2F-962B-434D-A270-27E196608344}.Debug|Any CPU.ActiveCfg = Debug|Any CPU
		{D6D9FB2F-962B-434D-A270-27E196608344}.Debug|Any CPU.Build.0 = Debug|Any CPU
		{D6D9FB2F-962B-434D-A270-27E196608344}.Debug|x64.ActiveCfg = Debug|Any CPU
		{D6D9FB2F-962B-434D-A270-27E196608344}.Debug|x64.Build.0 = Debug|Any CPU
		{D6D9FB2F-962B-434D-A270-27E196608344}.Debug|x86.ActiveCfg = Debug|Any CPU
		{D6D9FB2F-962B-434D-A270-27E196608344}.Debug|x86.Build.0 = Debug|Any CPU
		{D6D9FB2F-962B-434D-A270-27E196608344}.Release|Any CPU.ActiveCfg = Release|Any CPU
		{D6D9FB2F-962B-434D-A270-27E196608344}.Release|Any CPU.Build.0 = Release|Any CPU
		{D6D9FB2F-962B-434D-A270-27E196608344}.Release|x64.ActiveCfg = Release|Any CPU
		{D6D9FB2F-962B-434D-A270-27E196608344}.Release|x64.Build.0 = Release|Any CPU
		{D6D9FB2F-962B-434D-A270-27E196608344}.Release|x86.ActiveCfg = Release|Any CPU
		{D6D9FB2F-962B-434D-A270-27E196608344}.Release|x86.Build.0 = Release|Any CPU
		{7ADDB726-3147-45EA-A2CB-39A705B013EC}.Debug|Any CPU.ActiveCfg = Debug|Any CPU
		{7ADDB726-3147-45EA-A2CB-39A705B013EC}.Debug|Any CPU.Build.0 = Debug|Any CPU
		{7ADDB726-3147-45EA-A2CB-39A705B013EC}.Debug|x64.ActiveCfg = Debug|Any CPU
		{7ADDB726-3147-45EA-A2CB-39A705B013EC}.Debug|x64.Build.0 = Debug|Any CPU
		{7ADDB726-3147-45EA-A2CB-39A705B013EC}.Debug|x86.ActiveCfg = Debug|Any CPU
		{7ADDB726-3147-45EA-A2CB-39A705B013EC}.Debug|x86.Build.0 = Debug|Any CPU
		{7ADDB726-3147-45EA-A2CB-39A705B013EC}.Release|Any CPU.ActiveCfg = Release|Any CPU
		{7ADDB726-3147-45EA-A2CB-39A705B013EC}.Release|Any CPU.Build.0 = Release|Any CPU
		{7ADDB726-3147-45EA-A2CB-39A705B013EC}.Release|x64.ActiveCfg = Release|Any CPU
		{7ADDB726-3147-45EA-A2CB-39A705B013EC}.Release|x64.Build.0 = Release|Any CPU
		{7ADDB726-3147-45EA-A2CB-39A705B013EC}.Release|x86.ActiveCfg = Release|Any CPU
		{7ADDB726-3147-45EA-A2CB-39A705B013EC}.Release|x86.Build.0 = Release|Any CPU
		{FBE7287E-D347-48D8-8326-4E54C5B7971A}.Debug|Any CPU.ActiveCfg = Debug|Any CPU
		{FBE7287E-D347-48D8-8326-4E54C5B7971A}.Debug|Any CPU.Build.0 = Debug|Any CPU
		{FBE7287E-D347-48D8-8326-4E54C5B7971A}.Debug|x64.ActiveCfg = Debug|Any CPU
		{FBE7287E-D347-48D8-8326-4E54C5B7971A}.Debug|x64.Build.0 = Debug|Any CPU
		{FBE7287E-D347-48D8-8326-4E54C5B7971A}.Debug|x86.ActiveCfg = Debug|Any CPU
		{FBE7287E-D347-48D8-8326-4E54C5B7971A}.Debug|x86.Build.0 = Debug|Any CPU
		{FBE7287E-D347-48D8-8326-4E54C5B7971A}.Release|Any CPU.ActiveCfg = Release|Any CPU
		{FBE7287E-D347-48D8-8326-4E54C5B7971A}.Release|Any CPU.Build.0 = Release|Any CPU
		{FBE7287E-D347-48D8-8326-4E54C5B7971A}.Release|x64.ActiveCfg = Release|Any CPU
		{FBE7287E-D347-48D8-8326-4E54C5B7971A}.Release|x64.Build.0 = Release|Any CPU
		{FBE7287E-D347-48D8-8326-4E54C5B7971A}.Release|x86.ActiveCfg = Release|Any CPU
		{FBE7287E-D347-48D8-8326-4E54C5B7971A}.Release|x86.Build.0 = Release|Any CPU
		{17155158-B7F4-47EE-B4FF-7901143BFEFF}.Debug|Any CPU.ActiveCfg = Debug|Any CPU
		{17155158-B7F4-47EE-B4FF-7901143BFEFF}.Debug|Any CPU.Build.0 = Debug|Any CPU
		{17155158-B7F4-47EE-B4FF-7901143BFEFF}.Debug|x64.ActiveCfg = Debug|Any CPU
		{17155158-B7F4-47EE-B4FF-7901143BFEFF}.Debug|x64.Build.0 = Debug|Any CPU
		{17155158-B7F4-47EE-B4FF-7901143BFEFF}.Debug|x86.ActiveCfg = Debug|Any CPU
		{17155158-B7F4-47EE-B4FF-7901143BFEFF}.Debug|x86.Build.0 = Debug|Any CPU
		{17155158-B7F4-47EE-B4FF-7901143BFEFF}.Release|Any CPU.ActiveCfg = Release|Any CPU
		{17155158-B7F4-47EE-B4FF-7901143BFEFF}.Release|Any CPU.Build.0 = Release|Any CPU
		{17155158-B7F4-47EE-B4FF-7901143BFEFF}.Release|x64.ActiveCfg = Release|Any CPU
		{17155158-B7F4-47EE-B4FF-7901143BFEFF}.Release|x64.Build.0 = Release|Any CPU
		{17155158-B7F4-47EE-B4FF-7901143BFEFF}.Release|x86.ActiveCfg = Release|Any CPU
		{17155158-B7F4-47EE-B4FF-7901143BFEFF}.Release|x86.Build.0 = Release|Any CPU
		{41558EE7-7D26-43DE-B924-EED2FA102764}.Debug|Any CPU.ActiveCfg = Debug|Any CPU
		{41558EE7-7D26-43DE-B924-EED2FA102764}.Debug|Any CPU.Build.0 = Debug|Any CPU
		{41558EE7-7D26-43DE-B924-EED2FA102764}.Debug|x64.ActiveCfg = Debug|Any CPU
		{41558EE7-7D26-43DE-B924-EED2FA102764}.Debug|x64.Build.0 = Debug|Any CPU
		{41558EE7-7D26-43DE-B924-EED2FA102764}.Debug|x86.ActiveCfg = Debug|Any CPU
		{41558EE7-7D26-43DE-B924-EED2FA102764}.Debug|x86.Build.0 = Debug|Any CPU
		{41558EE7-7D26-43DE-B924-EED2FA102764}.Release|Any CPU.ActiveCfg = Release|Any CPU
		{41558EE7-7D26-43DE-B924-EED2FA102764}.Release|Any CPU.Build.0 = Release|Any CPU
		{41558EE7-7D26-43DE-B924-EED2FA102764}.Release|x64.ActiveCfg = Release|Any CPU
		{41558EE7-7D26-43DE-B924-EED2FA102764}.Release|x64.Build.0 = Release|Any CPU
		{41558EE7-7D26-43DE-B924-EED2FA102764}.Release|x86.ActiveCfg = Release|Any CPU
		{41558EE7-7D26-43DE-B924-EED2FA102764}.Release|x86.Build.0 = Release|Any CPU
	EndGlobalSection
	GlobalSection(SolutionProperties) = preSolution
		HideSolutionNode = FALSE
	EndGlobalSection
	GlobalSection(ExtensibilityGlobals) = postSolution
		SolutionGuid = {29318494-B7F5-40B3-8A21-A61778ABE2A2}
	EndGlobalSection
EndGlobal
