
Microsoft Visual Studio Solution File, Format Version 12.00
# Visual Studio Version 16
VisualStudioVersion = 16.0.30114.105
MinimumVisualStudioVersion = 10.0.40219.1
Project("{FAE04EC0-301F-11D3-BF4B-00C04F79EFBC}") = "R5T.NetStandard.StringSubstitution", "R5T.NetStandard.StringSubstitution\R5T.NetStandard.StringSubstitution.csproj", "{FF014FAD-6705-4CEC-93A9-616E8F8D75B1}"
EndProject
Project("{FAE04EC0-301F-11D3-BF4B-00C04F79EFBC}") = "R5T.NetStandard.StringSubstitution_NuGet", "R5T.NetStandard.StringSubstitution\R5T.NetStandard.StringSubstitution_NuGet.csproj", "{0E646302-9449-4280-AC0F-AEB56CD4C092}"
EndProject
Project("{FAE04EC0-301F-11D3-BF4B-00C04F79EFBC}") = "R5T.NetStandard.StringSubstitution.Construction", "R5T.NetStandard.StringSubstitution.Construction\R5T.NetStandard.StringSubstitution.Construction.csproj", "{37C9E0B2-5CEA-4378-93D7-5BA164FE9E4D}"
EndProject
Project("{FAE04EC0-301F-11D3-BF4B-00C04F79EFBC}") = "R5T.NetStandard.StringSubstitution.Testing", "R5T.NetStandard.StringSubstitution.Testing\R5T.NetStandard.StringSubstitution.Testing.csproj", "{7C6D0276-24E0-45DF-82E6-30D764194811}"
EndProject
Project("{2150E333-8FDC-42A3-9474-1A3956D46DE8}") = "_Dependencies", "_Dependencies", "{562CEE68-AF7A-4F83-A34B-03B370ED45E0}"
EndProject
Project("{9A19103F-16F7-4668-BE54-9A1E7A4F7556}") = "R5T.L0013", "..\..\R5T.L0013\source\R5T.L0013\R5T.L0013.csproj", "{4C47DE24-1393-4650-8EF4-2E0EB52AFD43}"
EndProject
Project("{9A19103F-16F7-4668-BE54-9A1E7A4F7556}") = "R5T.NetStandard.Configuration", "..\..\R5T.NetStandard.Configuration\source\R5T.NetStandard.Configuration\R5T.NetStandard.Configuration.csproj", "{CB189E34-ED01-4370-9B8A-9B3BAFA4685C}"
EndProject
Project("{9A19103F-16F7-4668-BE54-9A1E7A4F7556}") = "R5T.NetStandard.DI.Types", "..\..\R5T.NetStandard.DI.Types\source\R5T.NetStandard.DI.Types\R5T.NetStandard.DI.Types.csproj", "{04843EF6-D81E-4864-A3B9-4457EB98A125}"
EndProject
Project("{9A19103F-16F7-4668-BE54-9A1E7A4F7556}") = "R5T.NetStandard.DI", "..\..\R5T.NetStandard.DI\source\R5T.NetStandard.DI\R5T.NetStandard.DI.csproj", "{C1958E67-CED5-43B7-B238-8E287DB64666}"
EndProject
Project("{9A19103F-16F7-4668-BE54-9A1E7A4F7556}") = "R5T.NetStandard.IO.Paths.Base", "..\..\R5T.NetStandard.IO.Paths.Base\source\R5T.NetStandard.IO.Paths.Base\R5T.NetStandard.IO.Paths.Base.csproj", "{FCCF83C7-37BD-40F6-B046-A538100A5D66}"
EndProject
Project("{9A19103F-16F7-4668-BE54-9A1E7A4F7556}") = "R5T.NetStandard.IO.Paths.Types", "..\..\R5T.NetStandard.IO.Paths.Types\source\R5T.NetStandard.IO.Paths.Types\R5T.NetStandard.IO.Paths.Types.csproj", "{6466C2F4-C6FD-4DC5-860F-3109ACE3406A}"
EndProject
Project("{9A19103F-16F7-4668-BE54-9A1E7A4F7556}") = "R5T.NetStandard.IO.Paths", "..\..\R5T.NetStandard.IO.Paths\source\R5T.NetStandard.IO.Paths\R5T.NetStandard.IO.Paths.csproj", "{440A3905-AACC-4048-A23A-B85575A7D883}"
EndProject
Project("{9A19103F-16F7-4668-BE54-9A1E7A4F7556}") = "R5T.NetStandard.IO.Types", "..\..\R5T.NetStandard.IO.Types\source\R5T.NetStandard.IO.Types\R5T.NetStandard.IO.Types.csproj", "{B7E546F6-7F76-4E4E-BBBC-002FD0FDB4D5}"
EndProject
Project("{9A19103F-16F7-4668-BE54-9A1E7A4F7556}") = "R5T.NetStandard.Logging.Types", "..\..\R5T.NetStandard.Logging.Types\source\R5T.NetStandard.Logging.Types\R5T.NetStandard.Logging.Types.csproj", "{4A7BD4FF-CA97-4CF1-845A-4F78F23B99B4}"
EndProject
Project("{9A19103F-16F7-4668-BE54-9A1E7A4F7556}") = "R5T.NetStandard.Logging", "..\..\R5T.NetStandard.Logging\source\R5T.NetStandard.Logging\R5T.NetStandard.Logging.csproj", "{60B18234-AB62-48AB-B777-111D16833B52}"
EndProject
Project("{9A19103F-16F7-4668-BE54-9A1E7A4F7556}") = "R5T.NetStandard.OS.Types", "..\..\R5T.NetStandard.OS.Types\source\R5T.NetStandard.OS.Types\R5T.NetStandard.OS.Types.csproj", "{7E1C48FE-2BA4-4123-92CA-07FE707A8B62}"
EndProject
Project("{9A19103F-16F7-4668-BE54-9A1E7A4F7556}") = "R5T.NetStandard.OS", "..\..\R5T.NetStandard.OS\source\R5T.NetStandard.OS\R5T.NetStandard.OS.csproj", "{00615B51-3261-481A-90FD-5C03112BF332}"
EndProject
Project("{9A19103F-16F7-4668-BE54-9A1E7A4F7556}") = "R5T.NetStandard.TypedString", "..\..\R5T.NetStandard.TypedString\source\R5T.NetStandard.TypedString\R5T.NetStandard.TypedString.csproj", "{DC150CD2-3822-4B6E-B67C-8BE74467767C}"
EndProject
Project("{9A19103F-16F7-4668-BE54-9A1E7A4F7556}") = "R5T.NetStandard.Types", "..\..\R5T.NetStandard.Types\source\R5T.NetStandard.Types\R5T.NetStandard.Types.csproj", "{11045D5A-F1EB-4C5D-88F5-E84DF05DBA2C}"
EndProject
Project("{9A19103F-16F7-4668-BE54-9A1E7A4F7556}") = "R5T.NetStandard", "..\..\R5T.NetStandard\source\R5T.NetStandard\R5T.NetStandard.csproj", "{310DB179-73A4-4437-A1F1-EAC1FF1EAC8F}"
EndProject
Project("{9A19103F-16F7-4668-BE54-9A1E7A4F7556}") = "R5T.T0039.T002", "..\..\R5T.T0039\source\R5T.T0039.T002\R5T.T0039.T002.csproj", "{87C9A1B3-EFBA-4646-AC27-D7DCE2FFD92B}"
EndProject
Project("{9A19103F-16F7-4668-BE54-9A1E7A4F7556}") = "R5T.T0062", "..\..\R5T.T0062\source\R5T.T0062\R5T.T0062.csproj", "{854231A8-3D9E-4F86-89C4-FC4F3394DF8A}"
EndProject
Project("{9A19103F-16F7-4668-BE54-9A1E7A4F7556}") = "R5T.T0063", "..\..\R5T.T0063\source\R5T.T0063\R5T.T0063.csproj", "{E69B1601-68F4-44E6-AD64-2F69A5C7F87E}"
EndProject
Project("{9A19103F-16F7-4668-BE54-9A1E7A4F7556}") = "R5T.T0064", "..\..\R5T.T0064\source\R5T.T0064\R5T.T0064.csproj", "{9FBF102E-129B-447A-B009-7179437FD053}"
EndProject
Project("{9A19103F-16F7-4668-BE54-9A1E7A4F7556}") = "R5T.T0143", "..\..\R5T.T0143\source\R5T.T0143\R5T.T0143.csproj", "{3BAF72ED-ECAF-4896-82E0-17A4A0F621A7}"
EndProject
Global
	GlobalSection(NestedProjects) = preSolution
		{4C47DE24-1393-4650-8EF4-2E0EB52AFD43} = {562CEE68-AF7A-4F83-A34B-03B370ED45E0}
		{CB189E34-ED01-4370-9B8A-9B3BAFA4685C} = {562CEE68-AF7A-4F83-A34B-03B370ED45E0}
		{04843EF6-D81E-4864-A3B9-4457EB98A125} = {562CEE68-AF7A-4F83-A34B-03B370ED45E0}
		{C1958E67-CED5-43B7-B238-8E287DB64666} = {562CEE68-AF7A-4F83-A34B-03B370ED45E0}
		{FCCF83C7-37BD-40F6-B046-A538100A5D66} = {562CEE68-AF7A-4F83-A34B-03B370ED45E0}
		{6466C2F4-C6FD-4DC5-860F-3109ACE3406A} = {562CEE68-AF7A-4F83-A34B-03B370ED45E0}
		{440A3905-AACC-4048-A23A-B85575A7D883} = {562CEE68-AF7A-4F83-A34B-03B370ED45E0}
		{B7E546F6-7F76-4E4E-BBBC-002FD0FDB4D5} = {562CEE68-AF7A-4F83-A34B-03B370ED45E0}
		{4A7BD4FF-CA97-4CF1-845A-4F78F23B99B4} = {562CEE68-AF7A-4F83-A34B-03B370ED45E0}
		{60B18234-AB62-48AB-B777-111D16833B52} = {562CEE68-AF7A-4F83-A34B-03B370ED45E0}
		{7E1C48FE-2BA4-4123-92CA-07FE707A8B62} = {562CEE68-AF7A-4F83-A34B-03B370ED45E0}
		{00615B51-3261-481A-90FD-5C03112BF332} = {562CEE68-AF7A-4F83-A34B-03B370ED45E0}
		{DC150CD2-3822-4B6E-B67C-8BE74467767C} = {562CEE68-AF7A-4F83-A34B-03B370ED45E0}
		{11045D5A-F1EB-4C5D-88F5-E84DF05DBA2C} = {562CEE68-AF7A-4F83-A34B-03B370ED45E0}
		{310DB179-73A4-4437-A1F1-EAC1FF1EAC8F} = {562CEE68-AF7A-4F83-A34B-03B370ED45E0}
		{87C9A1B3-EFBA-4646-AC27-D7DCE2FFD92B} = {562CEE68-AF7A-4F83-A34B-03B370ED45E0}
		{854231A8-3D9E-4F86-89C4-FC4F3394DF8A} = {562CEE68-AF7A-4F83-A34B-03B370ED45E0}
		{E69B1601-68F4-44E6-AD64-2F69A5C7F87E} = {562CEE68-AF7A-4F83-A34B-03B370ED45E0}
		{9FBF102E-129B-447A-B009-7179437FD053} = {562CEE68-AF7A-4F83-A34B-03B370ED45E0}
		{3BAF72ED-ECAF-4896-82E0-17A4A0F621A7} = {562CEE68-AF7A-4F83-A34B-03B370ED45E0}
	EndGlobalSection
	GlobalSection(SolutionConfigurationPlatforms) = preSolution
		Debug|Any CPU = Debug|Any CPU
		Debug|x64 = Debug|x64
		Debug|x86 = Debug|x86
		Release|Any CPU = Release|Any CPU
		Release|x64 = Release|x64
		Release|x86 = Release|x86
	EndGlobalSection
	GlobalSection(ProjectConfigurationPlatforms) = postSolution
		{FF014FAD-6705-4CEC-93A9-616E8F8D75B1}.Debug|Any CPU.ActiveCfg = Debug|Any CPU
		{FF014FAD-6705-4CEC-93A9-616E8F8D75B1}.Debug|Any CPU.Build.0 = Debug|Any CPU
		{FF014FAD-6705-4CEC-93A9-616E8F8D75B1}.Debug|x64.ActiveCfg = Debug|Any CPU
		{FF014FAD-6705-4CEC-93A9-616E8F8D75B1}.Debug|x64.Build.0 = Debug|Any CPU
		{FF014FAD-6705-4CEC-93A9-616E8F8D75B1}.Debug|x86.ActiveCfg = Debug|Any CPU
		{FF014FAD-6705-4CEC-93A9-616E8F8D75B1}.Debug|x86.Build.0 = Debug|Any CPU
		{FF014FAD-6705-4CEC-93A9-616E8F8D75B1}.Release|Any CPU.ActiveCfg = Release|Any CPU
		{FF014FAD-6705-4CEC-93A9-616E8F8D75B1}.Release|Any CPU.Build.0 = Release|Any CPU
		{FF014FAD-6705-4CEC-93A9-616E8F8D75B1}.Release|x64.ActiveCfg = Release|Any CPU
		{FF014FAD-6705-4CEC-93A9-616E8F8D75B1}.Release|x64.Build.0 = Release|Any CPU
		{FF014FAD-6705-4CEC-93A9-616E8F8D75B1}.Release|x86.ActiveCfg = Release|Any CPU
		{FF014FAD-6705-4CEC-93A9-616E8F8D75B1}.Release|x86.Build.0 = Release|Any CPU
		{0E646302-9449-4280-AC0F-AEB56CD4C092}.Debug|Any CPU.ActiveCfg = Debug|Any CPU
		{0E646302-9449-4280-AC0F-AEB56CD4C092}.Debug|Any CPU.Build.0 = Debug|Any CPU
		{0E646302-9449-4280-AC0F-AEB56CD4C092}.Debug|x64.ActiveCfg = Debug|Any CPU
		{0E646302-9449-4280-AC0F-AEB56CD4C092}.Debug|x64.Build.0 = Debug|Any CPU
		{0E646302-9449-4280-AC0F-AEB56CD4C092}.Debug|x86.ActiveCfg = Debug|Any CPU
		{0E646302-9449-4280-AC0F-AEB56CD4C092}.Debug|x86.Build.0 = Debug|Any CPU
		{0E646302-9449-4280-AC0F-AEB56CD4C092}.Release|Any CPU.ActiveCfg = Release|Any CPU
		{0E646302-9449-4280-AC0F-AEB56CD4C092}.Release|Any CPU.Build.0 = Release|Any CPU
		{0E646302-9449-4280-AC0F-AEB56CD4C092}.Release|x64.ActiveCfg = Release|Any CPU
		{0E646302-9449-4280-AC0F-AEB56CD4C092}.Release|x64.Build.0 = Release|Any CPU
		{0E646302-9449-4280-AC0F-AEB56CD4C092}.Release|x86.ActiveCfg = Release|Any CPU
		{0E646302-9449-4280-AC0F-AEB56CD4C092}.Release|x86.Build.0 = Release|Any CPU
		{37C9E0B2-5CEA-4378-93D7-5BA164FE9E4D}.Debug|Any CPU.ActiveCfg = Debug|Any CPU
		{37C9E0B2-5CEA-4378-93D7-5BA164FE9E4D}.Debug|Any CPU.Build.0 = Debug|Any CPU
		{37C9E0B2-5CEA-4378-93D7-5BA164FE9E4D}.Debug|x64.ActiveCfg = Debug|Any CPU
		{37C9E0B2-5CEA-4378-93D7-5BA164FE9E4D}.Debug|x64.Build.0 = Debug|Any CPU
		{37C9E0B2-5CEA-4378-93D7-5BA164FE9E4D}.Debug|x86.ActiveCfg = Debug|Any CPU
		{37C9E0B2-5CEA-4378-93D7-5BA164FE9E4D}.Debug|x86.Build.0 = Debug|Any CPU
		{37C9E0B2-5CEA-4378-93D7-5BA164FE9E4D}.Release|Any CPU.ActiveCfg = Release|Any CPU
		{37C9E0B2-5CEA-4378-93D7-5BA164FE9E4D}.Release|Any CPU.Build.0 = Release|Any CPU
		{37C9E0B2-5CEA-4378-93D7-5BA164FE9E4D}.Release|x64.ActiveCfg = Release|Any CPU
		{37C9E0B2-5CEA-4378-93D7-5BA164FE9E4D}.Release|x64.Build.0 = Release|Any CPU
		{37C9E0B2-5CEA-4378-93D7-5BA164FE9E4D}.Release|x86.ActiveCfg = Release|Any CPU
		{37C9E0B2-5CEA-4378-93D7-5BA164FE9E4D}.Release|x86.Build.0 = Release|Any CPU
		{7C6D0276-24E0-45DF-82E6-30D764194811}.Debug|Any CPU.ActiveCfg = Debug|Any CPU
		{7C6D0276-24E0-45DF-82E6-30D764194811}.Debug|Any CPU.Build.0 = Debug|Any CPU
		{7C6D0276-24E0-45DF-82E6-30D764194811}.Debug|x64.ActiveCfg = Debug|Any CPU
		{7C6D0276-24E0-45DF-82E6-30D764194811}.Debug|x64.Build.0 = Debug|Any CPU
		{7C6D0276-24E0-45DF-82E6-30D764194811}.Debug|x86.ActiveCfg = Debug|Any CPU
		{7C6D0276-24E0-45DF-82E6-30D764194811}.Debug|x86.Build.0 = Debug|Any CPU
		{7C6D0276-24E0-45DF-82E6-30D764194811}.Release|Any CPU.ActiveCfg = Release|Any CPU
		{7C6D0276-24E0-45DF-82E6-30D764194811}.Release|Any CPU.Build.0 = Release|Any CPU
		{7C6D0276-24E0-45DF-82E6-30D764194811}.Release|x64.ActiveCfg = Release|Any CPU
		{7C6D0276-24E0-45DF-82E6-30D764194811}.Release|x64.Build.0 = Release|Any CPU
		{7C6D0276-24E0-45DF-82E6-30D764194811}.Release|x86.ActiveCfg = Release|Any CPU
		{7C6D0276-24E0-45DF-82E6-30D764194811}.Release|x86.Build.0 = Release|Any CPU
		{4C47DE24-1393-4650-8EF4-2E0EB52AFD43}.Debug|Any CPU.ActiveCfg = Debug|Any CPU
		{4C47DE24-1393-4650-8EF4-2E0EB52AFD43}.Debug|Any CPU.Build.0 = Debug|Any CPU
		{4C47DE24-1393-4650-8EF4-2E0EB52AFD43}.Debug|x64.ActiveCfg = Debug|Any CPU
		{4C47DE24-1393-4650-8EF4-2E0EB52AFD43}.Debug|x64.Build.0 = Debug|Any CPU
		{4C47DE24-1393-4650-8EF4-2E0EB52AFD43}.Debug|x86.ActiveCfg = Debug|Any CPU
		{4C47DE24-1393-4650-8EF4-2E0EB52AFD43}.Debug|x86.Build.0 = Debug|Any CPU
		{4C47DE24-1393-4650-8EF4-2E0EB52AFD43}.Release|Any CPU.ActiveCfg = Release|Any CPU
		{4C47DE24-1393-4650-8EF4-2E0EB52AFD43}.Release|Any CPU.Build.0 = Release|Any CPU
		{4C47DE24-1393-4650-8EF4-2E0EB52AFD43}.Release|x64.ActiveCfg = Release|Any CPU
		{4C47DE24-1393-4650-8EF4-2E0EB52AFD43}.Release|x64.Build.0 = Release|Any CPU
		{4C47DE24-1393-4650-8EF4-2E0EB52AFD43}.Release|x86.ActiveCfg = Release|Any CPU
		{4C47DE24-1393-4650-8EF4-2E0EB52AFD43}.Release|x86.Build.0 = Release|Any CPU
		{CB189E34-ED01-4370-9B8A-9B3BAFA4685C}.Debug|Any CPU.ActiveCfg = Debug|Any CPU
		{CB189E34-ED01-4370-9B8A-9B3BAFA4685C}.Debug|Any CPU.Build.0 = Debug|Any CPU
		{CB189E34-ED01-4370-9B8A-9B3BAFA4685C}.Debug|x64.ActiveCfg = Debug|Any CPU
		{CB189E34-ED01-4370-9B8A-9B3BAFA4685C}.Debug|x64.Build.0 = Debug|Any CPU
		{CB189E34-ED01-4370-9B8A-9B3BAFA4685C}.Debug|x86.ActiveCfg = Debug|Any CPU
		{CB189E34-ED01-4370-9B8A-9B3BAFA4685C}.Debug|x86.Build.0 = Debug|Any CPU
		{CB189E34-ED01-4370-9B8A-9B3BAFA4685C}.Release|Any CPU.ActiveCfg = Release|Any CPU
		{CB189E34-ED01-4370-9B8A-9B3BAFA4685C}.Release|Any CPU.Build.0 = Release|Any CPU
		{CB189E34-ED01-4370-9B8A-9B3BAFA4685C}.Release|x64.ActiveCfg = Release|Any CPU
		{CB189E34-ED01-4370-9B8A-9B3BAFA4685C}.Release|x64.Build.0 = Release|Any CPU
		{CB189E34-ED01-4370-9B8A-9B3BAFA4685C}.Release|x86.ActiveCfg = Release|Any CPU
		{CB189E34-ED01-4370-9B8A-9B3BAFA4685C}.Release|x86.Build.0 = Release|Any CPU
		{04843EF6-D81E-4864-A3B9-4457EB98A125}.Debug|Any CPU.ActiveCfg = Debug|Any CPU
		{04843EF6-D81E-4864-A3B9-4457EB98A125}.Debug|Any CPU.Build.0 = Debug|Any CPU
		{04843EF6-D81E-4864-A3B9-4457EB98A125}.Debug|x64.ActiveCfg = Debug|Any CPU
		{04843EF6-D81E-4864-A3B9-4457EB98A125}.Debug|x64.Build.0 = Debug|Any CPU
		{04843EF6-D81E-4864-A3B9-4457EB98A125}.Debug|x86.ActiveCfg = Debug|Any CPU
		{04843EF6-D81E-4864-A3B9-4457EB98A125}.Debug|x86.Build.0 = Debug|Any CPU
		{04843EF6-D81E-4864-A3B9-4457EB98A125}.Release|Any CPU.ActiveCfg = Release|Any CPU
		{04843EF6-D81E-4864-A3B9-4457EB98A125}.Release|Any CPU.Build.0 = Release|Any CPU
		{04843EF6-D81E-4864-A3B9-4457EB98A125}.Release|x64.ActiveCfg = Release|Any CPU
		{04843EF6-D81E-4864-A3B9-4457EB98A125}.Release|x64.Build.0 = Release|Any CPU
		{04843EF6-D81E-4864-A3B9-4457EB98A125}.Release|x86.ActiveCfg = Release|Any CPU
		{04843EF6-D81E-4864-A3B9-4457EB98A125}.Release|x86.Build.0 = Release|Any CPU
		{C1958E67-CED5-43B7-B238-8E287DB64666}.Debug|Any CPU.ActiveCfg = Debug|Any CPU
		{C1958E67-CED5-43B7-B238-8E287DB64666}.Debug|Any CPU.Build.0 = Debug|Any CPU
		{C1958E67-CED5-43B7-B238-8E287DB64666}.Debug|x64.ActiveCfg = Debug|Any CPU
		{C1958E67-CED5-43B7-B238-8E287DB64666}.Debug|x64.Build.0 = Debug|Any CPU
		{C1958E67-CED5-43B7-B238-8E287DB64666}.Debug|x86.ActiveCfg = Debug|Any CPU
		{C1958E67-CED5-43B7-B238-8E287DB64666}.Debug|x86.Build.0 = Debug|Any CPU
		{C1958E67-CED5-43B7-B238-8E287DB64666}.Release|Any CPU.ActiveCfg = Release|Any CPU
		{C1958E67-CED5-43B7-B238-8E287DB64666}.Release|Any CPU.Build.0 = Release|Any CPU
		{C1958E67-CED5-43B7-B238-8E287DB64666}.Release|x64.ActiveCfg = Release|Any CPU
		{C1958E67-CED5-43B7-B238-8E287DB64666}.Release|x64.Build.0 = Release|Any CPU
		{C1958E67-CED5-43B7-B238-8E287DB64666}.Release|x86.ActiveCfg = Release|Any CPU
		{C1958E67-CED5-43B7-B238-8E287DB64666}.Release|x86.Build.0 = Release|Any CPU
		{FCCF83C7-37BD-40F6-B046-A538100A5D66}.Debug|Any CPU.ActiveCfg = Debug|Any CPU
		{FCCF83C7-37BD-40F6-B046-A538100A5D66}.Debug|Any CPU.Build.0 = Debug|Any CPU
		{FCCF83C7-37BD-40F6-B046-A538100A5D66}.Debug|x64.ActiveCfg = Debug|Any CPU
		{FCCF83C7-37BD-40F6-B046-A538100A5D66}.Debug|x64.Build.0 = Debug|Any CPU
		{FCCF83C7-37BD-40F6-B046-A538100A5D66}.Debug|x86.ActiveCfg = Debug|Any CPU
		{FCCF83C7-37BD-40F6-B046-A538100A5D66}.Debug|x86.Build.0 = Debug|Any CPU
		{FCCF83C7-37BD-40F6-B046-A538100A5D66}.Release|Any CPU.ActiveCfg = Release|Any CPU
		{FCCF83C7-37BD-40F6-B046-A538100A5D66}.Release|Any CPU.Build.0 = Release|Any CPU
		{FCCF83C7-37BD-40F6-B046-A538100A5D66}.Release|x64.ActiveCfg = Release|Any CPU
		{FCCF83C7-37BD-40F6-B046-A538100A5D66}.Release|x64.Build.0 = Release|Any CPU
		{FCCF83C7-37BD-40F6-B046-A538100A5D66}.Release|x86.ActiveCfg = Release|Any CPU
		{FCCF83C7-37BD-40F6-B046-A538100A5D66}.Release|x86.Build.0 = Release|Any CPU
		{6466C2F4-C6FD-4DC5-860F-3109ACE3406A}.Debug|Any CPU.ActiveCfg = Debug|Any CPU
		{6466C2F4-C6FD-4DC5-860F-3109ACE3406A}.Debug|Any CPU.Build.0 = Debug|Any CPU
		{6466C2F4-C6FD-4DC5-860F-3109ACE3406A}.Debug|x64.ActiveCfg = Debug|Any CPU
		{6466C2F4-C6FD-4DC5-860F-3109ACE3406A}.Debug|x64.Build.0 = Debug|Any CPU
		{6466C2F4-C6FD-4DC5-860F-3109ACE3406A}.Debug|x86.ActiveCfg = Debug|Any CPU
		{6466C2F4-C6FD-4DC5-860F-3109ACE3406A}.Debug|x86.Build.0 = Debug|Any CPU
		{6466C2F4-C6FD-4DC5-860F-3109ACE3406A}.Release|Any CPU.ActiveCfg = Release|Any CPU
		{6466C2F4-C6FD-4DC5-860F-3109ACE3406A}.Release|Any CPU.Build.0 = Release|Any CPU
		{6466C2F4-C6FD-4DC5-860F-3109ACE3406A}.Release|x64.ActiveCfg = Release|Any CPU
		{6466C2F4-C6FD-4DC5-860F-3109ACE3406A}.Release|x64.Build.0 = Release|Any CPU
		{6466C2F4-C6FD-4DC5-860F-3109ACE3406A}.Release|x86.ActiveCfg = Release|Any CPU
		{6466C2F4-C6FD-4DC5-860F-3109ACE3406A}.Release|x86.Build.0 = Release|Any CPU
		{440A3905-AACC-4048-A23A-B85575A7D883}.Debug|Any CPU.ActiveCfg = Debug|Any CPU
		{440A3905-AACC-4048-A23A-B85575A7D883}.Debug|Any CPU.Build.0 = Debug|Any CPU
		{440A3905-AACC-4048-A23A-B85575A7D883}.Debug|x64.ActiveCfg = Debug|Any CPU
		{440A3905-AACC-4048-A23A-B85575A7D883}.Debug|x64.Build.0 = Debug|Any CPU
		{440A3905-AACC-4048-A23A-B85575A7D883}.Debug|x86.ActiveCfg = Debug|Any CPU
		{440A3905-AACC-4048-A23A-B85575A7D883}.Debug|x86.Build.0 = Debug|Any CPU
		{440A3905-AACC-4048-A23A-B85575A7D883}.Release|Any CPU.ActiveCfg = Release|Any CPU
		{440A3905-AACC-4048-A23A-B85575A7D883}.Release|Any CPU.Build.0 = Release|Any CPU
		{440A3905-AACC-4048-A23A-B85575A7D883}.Release|x64.ActiveCfg = Release|Any CPU
		{440A3905-AACC-4048-A23A-B85575A7D883}.Release|x64.Build.0 = Release|Any CPU
		{440A3905-AACC-4048-A23A-B85575A7D883}.Release|x86.ActiveCfg = Release|Any CPU
		{440A3905-AACC-4048-A23A-B85575A7D883}.Release|x86.Build.0 = Release|Any CPU
		{B7E546F6-7F76-4E4E-BBBC-002FD0FDB4D5}.Debug|Any CPU.ActiveCfg = Debug|Any CPU
		{B7E546F6-7F76-4E4E-BBBC-002FD0FDB4D5}.Debug|Any CPU.Build.0 = Debug|Any CPU
		{B7E546F6-7F76-4E4E-BBBC-002FD0FDB4D5}.Debug|x64.ActiveCfg = Debug|Any CPU
		{B7E546F6-7F76-4E4E-BBBC-002FD0FDB4D5}.Debug|x64.Build.0 = Debug|Any CPU
		{B7E546F6-7F76-4E4E-BBBC-002FD0FDB4D5}.Debug|x86.ActiveCfg = Debug|Any CPU
		{B7E546F6-7F76-4E4E-BBBC-002FD0FDB4D5}.Debug|x86.Build.0 = Debug|Any CPU
		{B7E546F6-7F76-4E4E-BBBC-002FD0FDB4D5}.Release|Any CPU.ActiveCfg = Release|Any CPU
		{B7E546F6-7F76-4E4E-BBBC-002FD0FDB4D5}.Release|Any CPU.Build.0 = Release|Any CPU
		{B7E546F6-7F76-4E4E-BBBC-002FD0FDB4D5}.Release|x64.ActiveCfg = Release|Any CPU
		{B7E546F6-7F76-4E4E-BBBC-002FD0FDB4D5}.Release|x64.Build.0 = Release|Any CPU
		{B7E546F6-7F76-4E4E-BBBC-002FD0FDB4D5}.Release|x86.ActiveCfg = Release|Any CPU
		{B7E546F6-7F76-4E4E-BBBC-002FD0FDB4D5}.Release|x86.Build.0 = Release|Any CPU
		{4A7BD4FF-CA97-4CF1-845A-4F78F23B99B4}.Debug|Any CPU.ActiveCfg = Debug|Any CPU
		{4A7BD4FF-CA97-4CF1-845A-4F78F23B99B4}.Debug|Any CPU.Build.0 = Debug|Any CPU
		{4A7BD4FF-CA97-4CF1-845A-4F78F23B99B4}.Debug|x64.ActiveCfg = Debug|Any CPU
		{4A7BD4FF-CA97-4CF1-845A-4F78F23B99B4}.Debug|x64.Build.0 = Debug|Any CPU
		{4A7BD4FF-CA97-4CF1-845A-4F78F23B99B4}.Debug|x86.ActiveCfg = Debug|Any CPU
		{4A7BD4FF-CA97-4CF1-845A-4F78F23B99B4}.Debug|x86.Build.0 = Debug|Any CPU
		{4A7BD4FF-CA97-4CF1-845A-4F78F23B99B4}.Release|Any CPU.ActiveCfg = Release|Any CPU
		{4A7BD4FF-CA97-4CF1-845A-4F78F23B99B4}.Release|Any CPU.Build.0 = Release|Any CPU
		{4A7BD4FF-CA97-4CF1-845A-4F78F23B99B4}.Release|x64.ActiveCfg = Release|Any CPU
		{4A7BD4FF-CA97-4CF1-845A-4F78F23B99B4}.Release|x64.Build.0 = Release|Any CPU
		{4A7BD4FF-CA97-4CF1-845A-4F78F23B99B4}.Release|x86.ActiveCfg = Release|Any CPU
		{4A7BD4FF-CA97-4CF1-845A-4F78F23B99B4}.Release|x86.Build.0 = Release|Any CPU
		{60B18234-AB62-48AB-B777-111D16833B52}.Debug|Any CPU.ActiveCfg = Debug|Any CPU
		{60B18234-AB62-48AB-B777-111D16833B52}.Debug|Any CPU.Build.0 = Debug|Any CPU
		{60B18234-AB62-48AB-B777-111D16833B52}.Debug|x64.ActiveCfg = Debug|Any CPU
		{60B18234-AB62-48AB-B777-111D16833B52}.Debug|x64.Build.0 = Debug|Any CPU
		{60B18234-AB62-48AB-B777-111D16833B52}.Debug|x86.ActiveCfg = Debug|Any CPU
		{60B18234-AB62-48AB-B777-111D16833B52}.Debug|x86.Build.0 = Debug|Any CPU
		{60B18234-AB62-48AB-B777-111D16833B52}.Release|Any CPU.ActiveCfg = Release|Any CPU
		{60B18234-AB62-48AB-B777-111D16833B52}.Release|Any CPU.Build.0 = Release|Any CPU
		{60B18234-AB62-48AB-B777-111D16833B52}.Release|x64.ActiveCfg = Release|Any CPU
		{60B18234-AB62-48AB-B777-111D16833B52}.Release|x64.Build.0 = Release|Any CPU
		{60B18234-AB62-48AB-B777-111D16833B52}.Release|x86.ActiveCfg = Release|Any CPU
		{60B18234-AB62-48AB-B777-111D16833B52}.Release|x86.Build.0 = Release|Any CPU
		{7E1C48FE-2BA4-4123-92CA-07FE707A8B62}.Debug|Any CPU.ActiveCfg = Debug|Any CPU
		{7E1C48FE-2BA4-4123-92CA-07FE707A8B62}.Debug|Any CPU.Build.0 = Debug|Any CPU
		{7E1C48FE-2BA4-4123-92CA-07FE707A8B62}.Debug|x64.ActiveCfg = Debug|Any CPU
		{7E1C48FE-2BA4-4123-92CA-07FE707A8B62}.Debug|x64.Build.0 = Debug|Any CPU
		{7E1C48FE-2BA4-4123-92CA-07FE707A8B62}.Debug|x86.ActiveCfg = Debug|Any CPU
		{7E1C48FE-2BA4-4123-92CA-07FE707A8B62}.Debug|x86.Build.0 = Debug|Any CPU
		{7E1C48FE-2BA4-4123-92CA-07FE707A8B62}.Release|Any CPU.ActiveCfg = Release|Any CPU
		{7E1C48FE-2BA4-4123-92CA-07FE707A8B62}.Release|Any CPU.Build.0 = Release|Any CPU
		{7E1C48FE-2BA4-4123-92CA-07FE707A8B62}.Release|x64.ActiveCfg = Release|Any CPU
		{7E1C48FE-2BA4-4123-92CA-07FE707A8B62}.Release|x64.Build.0 = Release|Any CPU
		{7E1C48FE-2BA4-4123-92CA-07FE707A8B62}.Release|x86.ActiveCfg = Release|Any CPU
		{7E1C48FE-2BA4-4123-92CA-07FE707A8B62}.Release|x86.Build.0 = Release|Any CPU
		{00615B51-3261-481A-90FD-5C03112BF332}.Debug|Any CPU.ActiveCfg = Debug|Any CPU
		{00615B51-3261-481A-90FD-5C03112BF332}.Debug|Any CPU.Build.0 = Debug|Any CPU
		{00615B51-3261-481A-90FD-5C03112BF332}.Debug|x64.ActiveCfg = Debug|Any CPU
		{00615B51-3261-481A-90FD-5C03112BF332}.Debug|x64.Build.0 = Debug|Any CPU
		{00615B51-3261-481A-90FD-5C03112BF332}.Debug|x86.ActiveCfg = Debug|Any CPU
		{00615B51-3261-481A-90FD-5C03112BF332}.Debug|x86.Build.0 = Debug|Any CPU
		{00615B51-3261-481A-90FD-5C03112BF332}.Release|Any CPU.ActiveCfg = Release|Any CPU
		{00615B51-3261-481A-90FD-5C03112BF332}.Release|Any CPU.Build.0 = Release|Any CPU
		{00615B51-3261-481A-90FD-5C03112BF332}.Release|x64.ActiveCfg = Release|Any CPU
		{00615B51-3261-481A-90FD-5C03112BF332}.Release|x64.Build.0 = Release|Any CPU
		{00615B51-3261-481A-90FD-5C03112BF332}.Release|x86.ActiveCfg = Release|Any CPU
		{00615B51-3261-481A-90FD-5C03112BF332}.Release|x86.Build.0 = Release|Any CPU
		{DC150CD2-3822-4B6E-B67C-8BE74467767C}.Debug|Any CPU.ActiveCfg = Debug|Any CPU
		{DC150CD2-3822-4B6E-B67C-8BE74467767C}.Debug|Any CPU.Build.0 = Debug|Any CPU
		{DC150CD2-3822-4B6E-B67C-8BE74467767C}.Debug|x64.ActiveCfg = Debug|Any CPU
		{DC150CD2-3822-4B6E-B67C-8BE74467767C}.Debug|x64.Build.0 = Debug|Any CPU
		{DC150CD2-3822-4B6E-B67C-8BE74467767C}.Debug|x86.ActiveCfg = Debug|Any CPU
		{DC150CD2-3822-4B6E-B67C-8BE74467767C}.Debug|x86.Build.0 = Debug|Any CPU
		{DC150CD2-3822-4B6E-B67C-8BE74467767C}.Release|Any CPU.ActiveCfg = Release|Any CPU
		{DC150CD2-3822-4B6E-B67C-8BE74467767C}.Release|Any CPU.Build.0 = Release|Any CPU
		{DC150CD2-3822-4B6E-B67C-8BE74467767C}.Release|x64.ActiveCfg = Release|Any CPU
		{DC150CD2-3822-4B6E-B67C-8BE74467767C}.Release|x64.Build.0 = Release|Any CPU
		{DC150CD2-3822-4B6E-B67C-8BE74467767C}.Release|x86.ActiveCfg = Release|Any CPU
		{DC150CD2-3822-4B6E-B67C-8BE74467767C}.Release|x86.Build.0 = Release|Any CPU
		{11045D5A-F1EB-4C5D-88F5-E84DF05DBA2C}.Debug|Any CPU.ActiveCfg = Debug|Any CPU
		{11045D5A-F1EB-4C5D-88F5-E84DF05DBA2C}.Debug|Any CPU.Build.0 = Debug|Any CPU
		{11045D5A-F1EB-4C5D-88F5-E84DF05DBA2C}.Debug|x64.ActiveCfg = Debug|Any CPU
		{11045D5A-F1EB-4C5D-88F5-E84DF05DBA2C}.Debug|x64.Build.0 = Debug|Any CPU
		{11045D5A-F1EB-4C5D-88F5-E84DF05DBA2C}.Debug|x86.ActiveCfg = Debug|Any CPU
		{11045D5A-F1EB-4C5D-88F5-E84DF05DBA2C}.Debug|x86.Build.0 = Debug|Any CPU
		{11045D5A-F1EB-4C5D-88F5-E84DF05DBA2C}.Release|Any CPU.ActiveCfg = Release|Any CPU
		{11045D5A-F1EB-4C5D-88F5-E84DF05DBA2C}.Release|Any CPU.Build.0 = Release|Any CPU
		{11045D5A-F1EB-4C5D-88F5-E84DF05DBA2C}.Release|x64.ActiveCfg = Release|Any CPU
		{11045D5A-F1EB-4C5D-88F5-E84DF05DBA2C}.Release|x64.Build.0 = Release|Any CPU
		{11045D5A-F1EB-4C5D-88F5-E84DF05DBA2C}.Release|x86.ActiveCfg = Release|Any CPU
		{11045D5A-F1EB-4C5D-88F5-E84DF05DBA2C}.Release|x86.Build.0 = Release|Any CPU
		{310DB179-73A4-4437-A1F1-EAC1FF1EAC8F}.Debug|Any CPU.ActiveCfg = Debug|Any CPU
		{310DB179-73A4-4437-A1F1-EAC1FF1EAC8F}.Debug|Any CPU.Build.0 = Debug|Any CPU
		{310DB179-73A4-4437-A1F1-EAC1FF1EAC8F}.Debug|x64.ActiveCfg = Debug|Any CPU
		{310DB179-73A4-4437-A1F1-EAC1FF1EAC8F}.Debug|x64.Build.0 = Debug|Any CPU
		{310DB179-73A4-4437-A1F1-EAC1FF1EAC8F}.Debug|x86.ActiveCfg = Debug|Any CPU
		{310DB179-73A4-4437-A1F1-EAC1FF1EAC8F}.Debug|x86.Build.0 = Debug|Any CPU
		{310DB179-73A4-4437-A1F1-EAC1FF1EAC8F}.Release|Any CPU.ActiveCfg = Release|Any CPU
		{310DB179-73A4-4437-A1F1-EAC1FF1EAC8F}.Release|Any CPU.Build.0 = Release|Any CPU
		{310DB179-73A4-4437-A1F1-EAC1FF1EAC8F}.Release|x64.ActiveCfg = Release|Any CPU
		{310DB179-73A4-4437-A1F1-EAC1FF1EAC8F}.Release|x64.Build.0 = Release|Any CPU
		{310DB179-73A4-4437-A1F1-EAC1FF1EAC8F}.Release|x86.ActiveCfg = Release|Any CPU
		{310DB179-73A4-4437-A1F1-EAC1FF1EAC8F}.Release|x86.Build.0 = Release|Any CPU
		{87C9A1B3-EFBA-4646-AC27-D7DCE2FFD92B}.Debug|Any CPU.ActiveCfg = Debug|Any CPU
		{87C9A1B3-EFBA-4646-AC27-D7DCE2FFD92B}.Debug|Any CPU.Build.0 = Debug|Any CPU
		{87C9A1B3-EFBA-4646-AC27-D7DCE2FFD92B}.Debug|x64.ActiveCfg = Debug|Any CPU
		{87C9A1B3-EFBA-4646-AC27-D7DCE2FFD92B}.Debug|x64.Build.0 = Debug|Any CPU
		{87C9A1B3-EFBA-4646-AC27-D7DCE2FFD92B}.Debug|x86.ActiveCfg = Debug|Any CPU
		{87C9A1B3-EFBA-4646-AC27-D7DCE2FFD92B}.Debug|x86.Build.0 = Debug|Any CPU
		{87C9A1B3-EFBA-4646-AC27-D7DCE2FFD92B}.Release|Any CPU.ActiveCfg = Release|Any CPU
		{87C9A1B3-EFBA-4646-AC27-D7DCE2FFD92B}.Release|Any CPU.Build.0 = Release|Any CPU
		{87C9A1B3-EFBA-4646-AC27-D7DCE2FFD92B}.Release|x64.ActiveCfg = Release|Any CPU
		{87C9A1B3-EFBA-4646-AC27-D7DCE2FFD92B}.Release|x64.Build.0 = Release|Any CPU
		{87C9A1B3-EFBA-4646-AC27-D7DCE2FFD92B}.Release|x86.ActiveCfg = Release|Any CPU
		{87C9A1B3-EFBA-4646-AC27-D7DCE2FFD92B}.Release|x86.Build.0 = Release|Any CPU
		{854231A8-3D9E-4F86-89C4-FC4F3394DF8A}.Debug|Any CPU.ActiveCfg = Debug|Any CPU
		{854231A8-3D9E-4F86-89C4-FC4F3394DF8A}.Debug|Any CPU.Build.0 = Debug|Any CPU
		{854231A8-3D9E-4F86-89C4-FC4F3394DF8A}.Debug|x64.ActiveCfg = Debug|Any CPU
		{854231A8-3D9E-4F86-89C4-FC4F3394DF8A}.Debug|x64.Build.0 = Debug|Any CPU
		{854231A8-3D9E-4F86-89C4-FC4F3394DF8A}.Debug|x86.ActiveCfg = Debug|Any CPU
		{854231A8-3D9E-4F86-89C4-FC4F3394DF8A}.Debug|x86.Build.0 = Debug|Any CPU
		{854231A8-3D9E-4F86-89C4-FC4F3394DF8A}.Release|Any CPU.ActiveCfg = Release|Any CPU
		{854231A8-3D9E-4F86-89C4-FC4F3394DF8A}.Release|Any CPU.Build.0 = Release|Any CPU
		{854231A8-3D9E-4F86-89C4-FC4F3394DF8A}.Release|x64.ActiveCfg = Release|Any CPU
		{854231A8-3D9E-4F86-89C4-FC4F3394DF8A}.Release|x64.Build.0 = Release|Any CPU
		{854231A8-3D9E-4F86-89C4-FC4F3394DF8A}.Release|x86.ActiveCfg = Release|Any CPU
		{854231A8-3D9E-4F86-89C4-FC4F3394DF8A}.Release|x86.Build.0 = Release|Any CPU
		{E69B1601-68F4-44E6-AD64-2F69A5C7F87E}.Debug|Any CPU.ActiveCfg = Debug|Any CPU
		{E69B1601-68F4-44E6-AD64-2F69A5C7F87E}.Debug|Any CPU.Build.0 = Debug|Any CPU
		{E69B1601-68F4-44E6-AD64-2F69A5C7F87E}.Debug|x64.ActiveCfg = Debug|Any CPU
		{E69B1601-68F4-44E6-AD64-2F69A5C7F87E}.Debug|x64.Build.0 = Debug|Any CPU
		{E69B1601-68F4-44E6-AD64-2F69A5C7F87E}.Debug|x86.ActiveCfg = Debug|Any CPU
		{E69B1601-68F4-44E6-AD64-2F69A5C7F87E}.Debug|x86.Build.0 = Debug|Any CPU
		{E69B1601-68F4-44E6-AD64-2F69A5C7F87E}.Release|Any CPU.ActiveCfg = Release|Any CPU
		{E69B1601-68F4-44E6-AD64-2F69A5C7F87E}.Release|Any CPU.Build.0 = Release|Any CPU
		{E69B1601-68F4-44E6-AD64-2F69A5C7F87E}.Release|x64.ActiveCfg = Release|Any CPU
		{E69B1601-68F4-44E6-AD64-2F69A5C7F87E}.Release|x64.Build.0 = Release|Any CPU
		{E69B1601-68F4-44E6-AD64-2F69A5C7F87E}.Release|x86.ActiveCfg = Release|Any CPU
		{E69B1601-68F4-44E6-AD64-2F69A5C7F87E}.Release|x86.Build.0 = Release|Any CPU
		{9FBF102E-129B-447A-B009-7179437FD053}.Debug|Any CPU.ActiveCfg = Debug|Any CPU
		{9FBF102E-129B-447A-B009-7179437FD053}.Debug|Any CPU.Build.0 = Debug|Any CPU
		{9FBF102E-129B-447A-B009-7179437FD053}.Debug|x64.ActiveCfg = Debug|Any CPU
		{9FBF102E-129B-447A-B009-7179437FD053}.Debug|x64.Build.0 = Debug|Any CPU
		{9FBF102E-129B-447A-B009-7179437FD053}.Debug|x86.ActiveCfg = Debug|Any CPU
		{9FBF102E-129B-447A-B009-7179437FD053}.Debug|x86.Build.0 = Debug|Any CPU
		{9FBF102E-129B-447A-B009-7179437FD053}.Release|Any CPU.ActiveCfg = Release|Any CPU
		{9FBF102E-129B-447A-B009-7179437FD053}.Release|Any CPU.Build.0 = Release|Any CPU
		{9FBF102E-129B-447A-B009-7179437FD053}.Release|x64.ActiveCfg = Release|Any CPU
		{9FBF102E-129B-447A-B009-7179437FD053}.Release|x64.Build.0 = Release|Any CPU
		{9FBF102E-129B-447A-B009-7179437FD053}.Release|x86.ActiveCfg = Release|Any CPU
		{9FBF102E-129B-447A-B009-7179437FD053}.Release|x86.Build.0 = Release|Any CPU
		{3BAF72ED-ECAF-4896-82E0-17A4A0F621A7}.Debug|Any CPU.ActiveCfg = Debug|Any CPU
		{3BAF72ED-ECAF-4896-82E0-17A4A0F621A7}.Debug|Any CPU.Build.0 = Debug|Any CPU
		{3BAF72ED-ECAF-4896-82E0-17A4A0F621A7}.Debug|x64.ActiveCfg = Debug|Any CPU
		{3BAF72ED-ECAF-4896-82E0-17A4A0F621A7}.Debug|x64.Build.0 = Debug|Any CPU
		{3BAF72ED-ECAF-4896-82E0-17A4A0F621A7}.Debug|x86.ActiveCfg = Debug|Any CPU
		{3BAF72ED-ECAF-4896-82E0-17A4A0F621A7}.Debug|x86.Build.0 = Debug|Any CPU
		{3BAF72ED-ECAF-4896-82E0-17A4A0F621A7}.Release|Any CPU.ActiveCfg = Release|Any CPU
		{3BAF72ED-ECAF-4896-82E0-17A4A0F621A7}.Release|Any CPU.Build.0 = Release|Any CPU
		{3BAF72ED-ECAF-4896-82E0-17A4A0F621A7}.Release|x64.ActiveCfg = Release|Any CPU
		{3BAF72ED-ECAF-4896-82E0-17A4A0F621A7}.Release|x64.Build.0 = Release|Any CPU
		{3BAF72ED-ECAF-4896-82E0-17A4A0F621A7}.Release|x86.ActiveCfg = Release|Any CPU
		{3BAF72ED-ECAF-4896-82E0-17A4A0F621A7}.Release|x86.Build.0 = Release|Any CPU
	EndGlobalSection
	GlobalSection(SolutionProperties) = preSolution
		HideSolutionNode = FALSE
	EndGlobalSection
EndGlobal
